{
  "version": 4,
  "terraform_version": "1.8.4",
  "serial": 43,
  "lineage": "785d78b6-5051-ecaa-36a2-6281c68feeea",
  "outputs": {},
  "resources": [
    {
      "mode": "managed",
      "type": "helm_release",
      "name": "grafana",
      "provider": "provider[\"registry.terraform.io/hashicorp/helm\"]",
      "instances": [
        {
          "schema_version": 0,
          "attributes": {
            "atomic": false,
            "chart": "grafana",
            "cleanup_on_fail": false,
            "create_namespace": false,
            "dependency_update": false,
            "description": null,
            "devel": null,
            "disable_crd_hooks": false,
            "disable_openapi_validation": false,
            "disable_webhooks": false,
            "force_update": false,
            "id": "grafana",
            "keyring": null,
            "lint": false,
            "manifest": null,
            "max_history": 0,
            "metadata": [
              {
                "app_version": "11.0.0",
                "chart": "grafana",
                "name": "grafana",
                "namespace": "default",
                "revision": 1,
                "values": "{\"adminPassword\":\"admin\",\"persistence\":{\"enabled\":false},\"service\":{\"type\":\"NodePort\"}}",
                "version": "8.0.0"
              }
            ],
            "name": "grafana",
            "namespace": "default",
            "postrender": [],
            "recreate_pods": false,
            "render_subchart_notes": true,
            "replace": false,
            "repository": "https://grafana.github.io/helm-charts",
            "repository_ca_file": null,
            "repository_cert_file": null,
            "repository_key_file": null,
            "repository_password": null,
            "repository_username": null,
            "reset_values": false,
            "reuse_values": false,
            "set": [
              {
                "name": "adminPassword",
                "type": "",
                "value": "admin"
              },
              {
                "name": "persistence.enabled",
                "type": "",
                "value": "false"
              },
              {
                "name": "service.type",
                "type": "",
                "value": "NodePort"
              }
            ],
            "set_sensitive": [],
            "skip_crds": false,
            "status": "deployed",
            "timeout": 300,
            "values": null,
            "verify": false,
            "version": "8.0.0",
            "wait": true,
            "wait_for_jobs": false
          },
          "sensitive_attributes": [
            [
              {
                "type": "get_attr",
                "value": "repository_password"
              }
            ]
          ],
          "private": "bnVsbA=="
        }
      ]
    },
    {
      "mode": "managed",
      "type": "helm_release",
      "name": "prometheus",
      "provider": "provider[\"registry.terraform.io/hashicorp/helm\"]",
      "instances": [
        {
          "schema_version": 0,
          "attributes": {
            "atomic": false,
            "chart": "prometheus",
            "cleanup_on_fail": false,
            "create_namespace": false,
            "dependency_update": false,
            "description": null,
            "devel": null,
            "disable_crd_hooks": false,
            "disable_openapi_validation": false,
            "disable_webhooks": false,
            "force_update": false,
            "id": "prometheus",
            "keyring": null,
            "lint": false,
            "manifest": null,
            "max_history": 0,
            "metadata": [
              {
                "app_version": "2.34.0",
                "chart": "prometheus",
                "name": "prometheus",
                "namespace": "default",
                "revision": 1,
                "values": "{\"alertmanager\":{\"persistentVolume\":{\"enabled\":false}},\"pushgateway\":{\"persistentVolume\":{\"enabled\":false}},\"server\":{\"persistentVolume\":{\"enabled\":false}},\"server.resources\":\"\\\"limits\\\":\\n  \\\"cpu\\\": \\\"200m\\\"\\n  \\\"memory\\\": \\\"50Mi\\\"\\n\\\"requests\\\":\\n  \\\"cpu\\\": \\\"100m\\\"\\n  \\\"memory\\\": \\\"30Mi\\\"\\n\"}",
                "version": "15.8.0"
              }
            ],
            "name": "prometheus",
            "namespace": "default",
            "postrender": [],
            "recreate_pods": false,
            "render_subchart_notes": true,
            "replace": false,
            "repository": "https://prometheus-community.github.io/helm-charts",
            "repository_ca_file": null,
            "repository_cert_file": null,
            "repository_key_file": null,
            "repository_password": null,
            "repository_username": null,
            "reset_values": false,
            "reuse_values": false,
            "set": [
              {
                "name": "alertmanager.persistentVolume.enabled",
                "type": "",
                "value": "false"
              },
              {
                "name": "pushgateway.persistentVolume.enabled",
                "type": "",
                "value": "false"
              },
              {
                "name": "server.persistentVolume.enabled",
                "type": "",
                "value": "false"
              },
              {
                "name": "server\\.resources",
                "type": "",
                "value": "\"limits\":\n  \"cpu\": \"200m\"\n  \"memory\": \"50Mi\"\n\"requests\":\n  \"cpu\": \"100m\"\n  \"memory\": \"30Mi\"\n"
              }
            ],
            "set_sensitive": [],
            "skip_crds": false,
            "status": "deployed",
            "timeout": 300,
            "values": null,
            "verify": false,
            "version": "15.8.0",
            "wait": true,
            "wait_for_jobs": false
          },
          "sensitive_attributes": [
            [
              {
                "type": "get_attr",
                "value": "repository_password"
              }
            ]
          ],
          "private": "bnVsbA=="
        }
      ]
    }
  ],
  "check_results": null
}
